
Microsoft Visual Studio Solution File, Format Version 12.00
# Visual Studio Version 17
VisualStudioVersion = 17.9.34728.123
MinimumVisualStudioVersion = 10.0.40219.1
Project("{8BC9CEB8-8B4A-11D0-8D11-00A0C91BC942}") = "LAB_13.1", "LAB_13.1\LAB_13.1.vcxproj", "{1B12D7AE-2FEE-4AE3-A64D-4C7CDC66647C}"
EndProject
Project("{8BC9CEB8-8B4A-11D0-8D11-00A0C91BC942}") = "UnitTest1", "UnitTest1\UnitTest1.vcxproj", "{37DE565D-7ABF-4D54-97AE-C80A3513DCC5}"
EndProject
Global
	GlobalSection(SolutionConfigurationPlatforms) = preSolution
		Debug|x64 = Debug|x64
		Debug|x86 = Debug|x86
		Release|x64 = Release|x64
		Release|x86 = Release|x86
	EndGlobalSection
	GlobalSection(ProjectConfigurationPlatforms) = postSolution
		{1B12D7AE-2FEE-4AE3-A64D-4C7CDC66647C}.Debug|x64.ActiveCfg = Debug|x64
		{1B12D7AE-2FEE-4AE3-A64D-4C7CDC66647C}.Debug|x64.Build.0 = Debug|x64
		{1B12D7AE-2FEE-4AE3-A64D-4C7CDC66647C}.Debug|x86.ActiveCfg = Debug|Win32
		{1B12D7AE-2FEE-4AE3-A64D-4C7CDC66647C}.Debug|x86.Build.0 = Debug|Win32
		{1B12D7AE-2FEE-4AE3-A64D-4C7CDC66647C}.Release|x64.ActiveCfg = Release|x64
		{1B12D7AE-2FEE-4AE3-A64D-4C7CDC66647C}.Release|x64.Build.0 = Release|x64
		{1B12D7AE-2FEE-4AE3-A64D-4C7CDC66647C}.Release|x86.ActiveCfg = Release|Win32
		{1B12D7AE-2FEE-4AE3-A64D-4C7CDC66647C}.Release|x86.Build.0 = Release|Win32
		{37DE565D-7ABF-4D54-97AE-C80A3513DCC5}.Debug|x64.ActiveCfg = Debug|x64
		{37DE565D-7ABF-4D54-97AE-C80A3513DCC5}.Debug|x64.Build.0 = Debug|x64
		{37DE565D-7ABF-4D54-97AE-C80A3513DCC5}.Debug|x86.ActiveCfg = Debug|Win32
		{37DE565D-7ABF-4D54-97AE-C80A3513DCC5}.Debug|x86.Build.0 = Debug|Win32
		{37DE565D-7ABF-4D54-97AE-C80A3513DCC5}.Release|x64.ActiveCfg = Release|x64
		{37DE565D-7ABF-4D54-97AE-C80A3513DCC5}.Release|x64.Build.0 = Release|x64
		{37DE565D-7ABF-4D54-97AE-C80A3513DCC5}.Release|x86.ActiveCfg = Release|Win32
		{37DE565D-7ABF-4D54-97AE-C80A3513DCC5}.Release|x86.Build.0 = Release|Win32
	EndGlobalSection
	GlobalSection(SolutionProperties) = preSolution
		HideSolutionNode = FALSE
	EndGlobalSection
	GlobalSection(ExtensibilityGlobals) = postSolution
		SolutionGuid = {117135E6-0AAF-4F4B-97B6-B23ABF3C963A}
	EndGlobalSection
EndGlobal
